// !$*UTF8*$!
{
	archiveVersion = 1;
	classes = {
	};
	objectVersion = 46;
	objects = {

/* Begin PBXBuildFile section */
		2156B2DB174FAFEE00DD5FE2 /* UIKit.framework in Frameworks */ = {isa = PBXBuildFile; fileRef = 2156B2DA174FAFEE00DD5FE2 /* UIKit.framework */; };
		2156B2DD174FAFEE00DD5FE2 /* Foundation.framework in Frameworks */ = {isa = PBXBuildFile; fileRef = 2156B2DC174FAFEE00DD5FE2 /* Foundation.framework */; };
		2156B2DF174FAFEE00DD5FE2 /* CoreGraphics.framework in Frameworks */ = {isa = PBXBuildFile; fileRef = 2156B2DE174FAFEE00DD5FE2 /* CoreGraphics.framework */; };
		2156B2E5174FAFEE00DD5FE2 /* InfoPlist.strings in Resources */ = {isa = PBXBuildFile; fileRef = 2156B2E3174FAFEE00DD5FE2 /* InfoPlist.strings */; };
		2156B2E7174FAFEE00DD5FE2 /* main.m in Sources */ = {isa = PBXBuildFile; fileRef = 2156B2E6174FAFEE00DD5FE2 /* main.m */; };
		2156B2EB174FAFEF00DD5FE2 /* TCAppDelegate.m in Sources */ = {isa = PBXBuildFile; fileRef = 2156B2EA174FAFEF00DD5FE2 /* TCAppDelegate.m */; };
		2156B2ED174FAFEF00DD5FE2 /* Default.png in Resources */ = {isa = PBXBuildFile; fileRef = 2156B2EC174FAFEF00DD5FE2 /* Default.png */; };
		2156B2EF174FAFEF00DD5FE2 /* Default@2x.png in Resources */ = {isa = PBXBuildFile; fileRef = 2156B2EE174FAFEF00DD5FE2 /* Default@2x.png */; };
		2156B2F1174FAFEF00DD5FE2 /* Default-568h@2x.png in Resources */ = {isa = PBXBuildFile; fileRef = 2156B2F0174FAFEF00DD5FE2 /* Default-568h@2x.png */; };
		2156B302174FB04000DD5FE2 /* ViewController.m in Sources */ = {isa = PBXBuildFile; fileRef = 2156B301174FB04000DD5FE2 /* ViewController.m */; };
		2156B30A174FB51A00DD5FE2 /* AVFoundation.framework in Frameworks */ = {isa = PBXBuildFile; fileRef = 2156B309174FB51A00DD5FE2 /* AVFoundation.framework */; };
		219D5BB31758930E007870EC /* CoreMedia.framework in Frameworks */ = {isa = PBXBuildFile; fileRef = 219D5BB21758930E007870EC /* CoreMedia.framework */; };
		219D5BB51758A3DE007870EC /* MediaPlayer.framework in Frameworks */ = {isa = PBXBuildFile; fileRef = 219D5BB41758A3DE007870EC /* MediaPlayer.framework */; };
		219D5BC11758B055007870EC /* sample1.m4v in Resources */ = {isa = PBXBuildFile; fileRef = 219D5BBF1758B055007870EC /* sample1.m4v */; };
		219D5BC21758B055007870EC /* sample2.mp4 in Resources */ = {isa = PBXBuildFile; fileRef = 219D5BC01758B055007870EC /* sample2.mp4 */; };
		21B33FF9174FC11E009B9214 /* libTCQueuePlayer.a in Frameworks */ = {isa = PBXBuildFile; fileRef = 21B33FF6174FC106009B9214 /* libTCQueuePlayer.a */; };
/* End PBXBuildFile section */

/* Begin PBXContainerItemProxy section */
		21B33FF5174FC106009B9214 /* PBXContainerItemProxy */ = {
			isa = PBXContainerItemProxy;
			containerPortal = 21B33FF1174FC106009B9214 /* TCQueuePlayer.xcodeproj */;
			proxyType = 2;
			remoteGlobalIDString = 2156B2B5174FA7A600DD5FE2;
			remoteInfo = TCQueuePlayer;
		};
		21B33FF7174FC118009B9214 /* PBXContainerItemProxy */ = {
			isa = PBXContainerItemProxy;
			containerPortal = 21B33FF1174FC106009B9214 /* TCQueuePlayer.xcodeproj */;
			proxyType = 1;
			remoteGlobalIDString = 2156B2B4174FA7A600DD5FE2;
			remoteInfo = TCQueuePlayer;
		};
/* End PBXContainerItemProxy section */

/* Begin PBXFileReference section */
		2156B2D7174FAFEE00DD5FE2 /* TCQueuePlayerExample.app */ = {isa = PBXFileReference; explicitFileType = wrapper.application; includeInIndex = 0; path = TCQueuePlayerExample.app; sourceTree = BUILT_PRODUCTS_DIR; };
		2156B2DA174FAFEE00DD5FE2 /* UIKit.framework */ = {isa = PBXFileReference; lastKnownFileType = wrapper.framework; name = UIKit.framework; path = System/Library/Frameworks/UIKit.framework; sourceTree = SDKROOT; };
		2156B2DC174FAFEE00DD5FE2 /* Foundation.framework */ = {isa = PBXFileReference; lastKnownFileType = wrapper.framework; name = Foundation.framework; path = System/Library/Frameworks/Foundation.framework; sourceTree = SDKROOT; };
		2156B2DE174FAFEE00DD5FE2 /* CoreGraphics.framework */ = {isa = PBXFileReference; lastKnownFileType = wrapper.framework; name = CoreGraphics.framework; path = System/Library/Frameworks/CoreGraphics.framework; sourceTree = SDKROOT; };
		2156B2E2174FAFEE00DD5FE2 /* TCQueuePlayerExample-Info.plist */ = {isa = PBXFileReference; lastKnownFileType = text.plist.xml; path = "TCQueuePlayerExample-Info.plist"; sourceTree = "<group>"; };
		2156B2E4174FAFEE00DD5FE2 /* en */ = {isa = PBXFileReference; lastKnownFileType = text.plist.strings; name = en; path = en.lproj/InfoPlist.strings; sourceTree = "<group>"; };
		2156B2E6174FAFEE00DD5FE2 /* main.m */ = {isa = PBXFileReference; lastKnownFileType = sourcecode.c.objc; path = main.m; sourceTree = "<group>"; };
		2156B2E8174FAFEE00DD5FE2 /* TCQueuePlayerExample-Prefix.pch */ = {isa = PBXFileReference; lastKnownFileType = sourcecode.c.h; path = "TCQueuePlayerExample-Prefix.pch"; sourceTree = "<group>"; };
		2156B2E9174FAFEE00DD5FE2 /* TCAppDelegate.h */ = {isa = PBXFileReference; lastKnownFileType = sourcecode.c.h; path = TCAppDelegate.h; sourceTree = "<group>"; };
		2156B2EA174FAFEF00DD5FE2 /* TCAppDelegate.m */ = {isa = PBXFileReference; lastKnownFileType = sourcecode.c.objc; path = TCAppDelegate.m; sourceTree = "<group>"; };
		2156B2EC174FAFEF00DD5FE2 /* Default.png */ = {isa = PBXFileReference; lastKnownFileType = image.png; path = Default.png; sourceTree = "<group>"; };
		2156B2EE174FAFEF00DD5FE2 /* Default@2x.png */ = {isa = PBXFileReference; lastKnownFileType = image.png; path = "Default@2x.png"; sourceTree = "<group>"; };
		2156B2F0174FAFEF00DD5FE2 /* Default-568h@2x.png */ = {isa = PBXFileReference; lastKnownFileType = image.png; path = "Default-568h@2x.png"; sourceTree = "<group>"; };
		2156B300174FB04000DD5FE2 /* ViewController.h */ = {isa = PBXFileReference; fileEncoding = 4; lastKnownFileType = sourcecode.c.h; path = ViewController.h; sourceTree = "<group>"; };
		2156B301174FB04000DD5FE2 /* ViewController.m */ = {isa = PBXFileReference; fileEncoding = 4; lastKnownFileType = sourcecode.c.objc; path = ViewController.m; sourceTree = "<group>"; };
		2156B309174FB51A00DD5FE2 /* AVFoundation.framework */ = {isa = PBXFileReference; lastKnownFileType = wrapper.framework; name = AVFoundation.framework; path = System/Library/Frameworks/AVFoundation.framework; sourceTree = SDKROOT; };
		219D5BB21758930E007870EC /* CoreMedia.framework */ = {isa = PBXFileReference; lastKnownFileType = wrapper.framework; name = CoreMedia.framework; path = System/Library/Frameworks/CoreMedia.framework; sourceTree = SDKROOT; };
		219D5BB41758A3DE007870EC /* MediaPlayer.framework */ = {isa = PBXFileReference; lastKnownFileType = wrapper.framework; name = MediaPlayer.framework; path = System/Library/Frameworks/MediaPlayer.framework; sourceTree = SDKROOT; };
		219D5BBF1758B055007870EC /* sample1.m4v */ = {isa = PBXFileReference; lastKnownFileType = file; path = sample1.m4v; sourceTree = SOURCE_ROOT; };
		219D5BC01758B055007870EC /* sample2.mp4 */ = {isa = PBXFileReference; lastKnownFileType = file; path = sample2.mp4; sourceTree = SOURCE_ROOT; };
		21B33FF1174FC106009B9214 /* TCQueuePlayer.xcodeproj */ = {isa = PBXFileReference; lastKnownFileType = "wrapper.pb-project"; name = TCQueuePlayer.xcodeproj; path = ../../TCQueuePlayer.xcodeproj; sourceTree = "<group>"; };
/* End PBXFileReference section */

/* Begin PBXFrameworksBuildPhase section */
		2156B2D4174FAFEE00DD5FE2 /* Frameworks */ = {
			isa = PBXFrameworksBuildPhase;
			buildActionMask = 2147483647;
			files = (
				219D5BB51758A3DE007870EC /* MediaPlayer.framework in Frameworks */,
				219D5BB31758930E007870EC /* CoreMedia.framework in Frameworks */,
				21B33FF9174FC11E009B9214 /* libTCQueuePlayer.a in Frameworks */,
				2156B30A174FB51A00DD5FE2 /* AVFoundation.framework in Frameworks */,
				2156B2DB174FAFEE00DD5FE2 /* UIKit.framework in Frameworks */,
				2156B2DD174FAFEE00DD5FE2 /* Foundation.framework in Frameworks */,
				2156B2DF174FAFEE00DD5FE2 /* CoreGraphics.framework in Frameworks */,
			);
			runOnlyForDeploymentPostprocessing = 0;
		};
/* End PBXFrameworksBuildPhase section */

/* Begin PBXGroup section */
		2156B2CE174FAFEE00DD5FE2 = {
			isa = PBXGroup;
			children = (
				2156B2E0174FAFEE00DD5FE2 /* TCQueuePlayerExample */,
				2156B2D9174FAFEE00DD5FE2 /* Frameworks */,
				2156B2D8174FAFEE00DD5FE2 /* Products */,
			);
			sourceTree = "<group>";
		};
		2156B2D8174FAFEE00DD5FE2 /* Products */ = {
			isa = PBXGroup;
			children = (
				2156B2D7174FAFEE00DD5FE2 /* TCQueuePlayerExample.app */,
			);
			name = Products;
			sourceTree = "<group>";
		};
		2156B2D9174FAFEE00DD5FE2 /* Frameworks */ = {
			isa = PBXGroup;
			children = (
				219D5BB41758A3DE007870EC /* MediaPlayer.framework */,
				219D5BB21758930E007870EC /* CoreMedia.framework */,
				2156B309174FB51A00DD5FE2 /* AVFoundation.framework */,
				2156B2DA174FAFEE00DD5FE2 /* UIKit.framework */,
				2156B2DC174FAFEE00DD5FE2 /* Foundation.framework */,
				2156B2DE174FAFEE00DD5FE2 /* CoreGraphics.framework */,
			);
			name = Frameworks;
			sourceTree = "<group>";
		};
		2156B2E0174FAFEE00DD5FE2 /* TCQueuePlayerExample */ = {
			isa = PBXGroup;
			children = (
				2156B2E9174FAFEE00DD5FE2 /* TCAppDelegate.h */,
				2156B2EA174FAFEF00DD5FE2 /* TCAppDelegate.m */,
				2156B300174FB04000DD5FE2 /* ViewController.h */,
				2156B301174FB04000DD5FE2 /* ViewController.m */,
				219D5BBE1758B044007870EC /* Resources */,
				2156B2E1174FAFEE00DD5FE2 /* Supporting Files */,
				21B33FF1174FC106009B9214 /* TCQueuePlayer.xcodeproj */,
			);
			path = TCQueuePlayerExample;
			sourceTree = "<group>";
		};
		2156B2E1174FAFEE00DD5FE2 /* Supporting Files */ = {
			isa = PBXGroup;
			children = (
				2156B2E2174FAFEE00DD5FE2 /* TCQueuePlayerExample-Info.plist */,
				2156B2E3174FAFEE00DD5FE2 /* InfoPlist.strings */,
				2156B2E6174FAFEE00DD5FE2 /* main.m */,
				2156B2E8174FAFEE00DD5FE2 /* TCQueuePlayerExample-Prefix.pch */,
				2156B2EC174FAFEF00DD5FE2 /* Default.png */,
				2156B2EE174FAFEF00DD5FE2 /* Default@2x.png */,
				2156B2F0174FAFEF00DD5FE2 /* Default-568h@2x.png */,
			);
			name = "Supporting Files";
			sourceTree = "<group>";
		};
		219D5BBE1758B044007870EC /* Resources */ = {
			isa = PBXGroup;
			children = (
				219D5BBF1758B055007870EC /* sample1.m4v */,
				219D5BC01758B055007870EC /* sample2.mp4 */,
			);
			name = Resources;
			sourceTree = "<group>";
		};
		21B33FF2174FC106009B9214 /* Products */ = {
			isa = PBXGroup;
			children = (
				21B33FF6174FC106009B9214 /* libTCQueuePlayer.a */,
			);
			name = Products;
			sourceTree = "<group>";
		};
/* End PBXGroup section */

/* Begin PBXNativeTarget section */
		2156B2D6174FAFEE00DD5FE2 /* TCQueuePlayerExample */ = {
			isa = PBXNativeTarget;
			buildConfigurationList = 2156B2F4174FAFEF00DD5FE2 /* Build configuration list for PBXNativeTarget "TCQueuePlayerExample" */;
			buildPhases = (
				2156B2D3174FAFEE00DD5FE2 /* Sources */,
				2156B2D4174FAFEE00DD5FE2 /* Frameworks */,
				2156B2D5174FAFEE00DD5FE2 /* Resources */,
			);
			buildRules = (
			);
			dependencies = (
				21B33FF8174FC118009B9214 /* PBXTargetDependency */,
			);
			name = TCQueuePlayerExample;
			productName = TCQueuePlayerExample;
			productReference = 2156B2D7174FAFEE00DD5FE2 /* TCQueuePlayerExample.app */;
			productType = "com.apple.product-type.application";
		};
/* End PBXNativeTarget section */

/* Begin PBXProject section */
		2156B2CF174FAFEE00DD5FE2 /* Project object */ = {
			isa = PBXProject;
			attributes = {
				CLASSPREFIX = TC;
				LastUpgradeCheck = 0460;
				ORGANIZATIONNAME = thibaultCha;
			};
			buildConfigurationList = 2156B2D2174FAFEE00DD5FE2 /* Build configuration list for PBXProject "TCQueuePlayerExample" */;
			compatibilityVersion = "Xcode 3.2";
			developmentRegion = English;
			hasScannedForEncodings = 0;
			knownRegions = (
				en,
			);
			mainGroup = 2156B2CE174FAFEE00DD5FE2;
			productRefGroup = 2156B2D8174FAFEE00DD5FE2 /* Products */;
			projectDirPath = "";
			projectReferences = (
				{
					ProductGroup = 21B33FF2174FC106009B9214 /* Products */;
					ProjectRef = 21B33FF1174FC106009B9214 /* TCQueuePlayer.xcodeproj */;
				},
			);
			projectRoot = "";
			targets = (
				2156B2D6174FAFEE00DD5FE2 /* TCQueuePlayerExample */,
			);
		};
/* End PBXProject section */

/* Begin PBXReferenceProxy section */
		21B33FF6174FC106009B9214 /* libTCQueuePlayer.a */ = {
			isa = PBXReferenceProxy;
			fileType = archive.ar;
			path = libTCQueuePlayer.a;
			remoteRef = 21B33FF5174FC106009B9214 /* PBXContainerItemProxy */;
			sourceTree = BUILT_PRODUCTS_DIR;
		};
/* End PBXReferenceProxy section */

/* Begin PBXResourcesBuildPhase section */
		2156B2D5174FAFEE00DD5FE2 /* Resources */ = {
			isa = PBXResourcesBuildPhase;
			buildActionMask = 2147483647;
			files = (
				2156B2E5174FAFEE00DD5FE2 /* InfoPlist.strings in Resources */,
				2156B2ED174FAFEF00DD5FE2 /* Default.png in Resources */,
				2156B2EF174FAFEF00DD5FE2 /* Default@2x.png in Resources */,
				2156B2F1174FAFEF00DD5FE2 /* Default-568h@2x.png in Resources */,
				219D5BC11758B055007870EC /* sample1.m4v in Resources */,
				219D5BC21758B055007870EC /* sample2.mp4 in Resources */,
			);
			runOnlyForDeploymentPostprocessing = 0;
		};
/* End PBXResourcesBuildPhase section */

/* Begin PBXSourcesBuildPhase section */
		2156B2D3174FAFEE00DD5FE2 /* Sources */ = {
			isa = PBXSourcesBuildPhase;
			buildActionMask = 2147483647;
			files = (
				2156B2E7174FAFEE00DD5FE2 /* main.m in Sources */,
				2156B2EB174FAFEF00DD5FE2 /* TCAppDelegate.m in Sources */,
				2156B302174FB04000DD5FE2 /* ViewController.m in Sources */,
			);
			runOnlyForDeploymentPostprocessing = 0;
		};
/* End PBXSourcesBuildPhase section */

/* Begin PBXTargetDependency section */
		21B33FF8174FC118009B9214 /* PBXTargetDependency */ = {
			isa = PBXTargetDependency;
			name = TCQueuePlayer;
			targetProxy = 21B33FF7174FC118009B9214 /* PBXContainerItemProxy */;
		};
/* End PBXTargetDependency section */

/* Begin PBXVariantGroup section */
		2156B2E3174FAFEE00DD5FE2 /* InfoPlist.strings */ = {
			isa = PBXVariantGroup;
			children = (
				2156B2E4174FAFEE00DD5FE2 /* en */,
			);
			name = InfoPlist.strings;
			sourceTree = "<group>";
		};
/* End PBXVariantGroup section */

/* Begin XCBuildConfiguration section */
		2156B2F2174FAFEF00DD5FE2 /* Debug */ = {
			isa = XCBuildConfiguration;
			buildSettings = {
				ALWAYS_SEARCH_USER_PATHS = NO;
				CLANG_CXX_LANGUAGE_STANDARD = "gnu++0x";
				CLANG_CXX_LIBRARY = "libc++";
				CLANG_ENABLE_OBJC_ARC = YES;
				CLANG_WARN_CONSTANT_CONVERSION = YES;
				CLANG_WARN_EMPTY_BODY = YES;
				CLANG_WARN_ENUM_CONVERSION = YES;
				CLANG_WARN_INT_CONVERSION = YES;
				CLANG_WARN__DUPLICATE_METHOD_MATCH = YES;
				"CODE_SIGN_IDENTITY[sdk=iphoneos*]" = "iPhone Developer";
				COPY_PHASE_STRIP = NO;
				GCC_C_LANGUAGE_STANDARD = gnu99;
				GCC_DYNAMIC_NO_PIC = NO;
				GCC_OPTIMIZATION_LEVEL = 0;
				GCC_PREPROCESSOR_DEFINITIONS = (
					"DEBUG=1",
					"$(inherited)",
				);
				GCC_SYMBOLS_PRIVATE_EXTERN = NO;
				GCC_WARN_ABOUT_RETURN_TYPE = YES;
				GCC_WARN_UNINITIALIZED_AUTOS = YES;
				GCC_WARN_UNUSED_VARIABLE = YES;
				IPHONEOS_DEPLOYMENT_TARGET = 6.1;
				ONLY_ACTIVE_ARCH = YES;
				SDKROOT = iphoneos;
			};
			name = Debug;
		};
		2156B2F3174FAFEF00DD5FE2 /* Release */ = {
			isa = XCBuildConfiguration;
			buildSettings = {
				ALWAYS_SEARCH_USER_PATHS = NO;
				CLANG_CXX_LANGUAGE_STANDARD = "gnu++0x";
				CLANG_CXX_LIBRARY = "libc++";
				CLANG_ENABLE_OBJC_ARC = YES;
				CLANG_WARN_CONSTANT_CONVERSION = YES;
				CLANG_WARN_EMPTY_BODY = YES;
				CLANG_WARN_ENUM_CONVERSION = YES;
				CLANG_WARN_INT_CONVERSION = YES;
				CLANG_WARN__DUPLICATE_METHOD_MATCH = YES;
				"CODE_SIGN_IDENTITY[sdk=iphoneos*]" = "iPhone Developer";
				COPY_PHASE_STRIP = YES;
				GCC_C_LANGUAGE_STANDARD = gnu99;
				GCC_WARN_ABOUT_RETURN_TYPE = YES;
				GCC_WARN_UNINITIALIZED_AUTOS = YES;
				GCC_WARN_UNUSED_VARIABLE = YES;
				IPHONEOS_DEPLOYMENT_TARGET = 6.1;
				OTHER_CFLAGS = "-DNS_BLOCK_ASSERTIONS=1";
				SDKROOT = iphoneos;
				VALIDATE_PRODUCT = YES;
			};
			name = Release;
		};
		2156B2F5174FAFEF00DD5FE2 /* Debug */ = {
			isa = XCBuildConfiguration;
			buildSettings = {
				ALWAYS_SEARCH_USER_PATHS = YES;
				GCC_PRECOMPILE_PREFIX_HEADER = YES;
				GCC_PREFIX_HEADER = "TCQueuePlayerExample/TCQueuePlayerExample-Prefix.pch";
				INFOPLIST_FILE = "TCQueuePlayerExample/TCQueuePlayerExample-Info.plist";
				PRODUCT_NAME = "$(TARGET_NAME)";
				USER_HEADER_SEARCH_PATHS = "$(PROJECT_TEMP_DIR)/../UninstalledProducts/include";
				WRAPPER_EXTENSION = app;
			};
			name = Debug;
		};
		2156B2F6174FAFEF00DD5FE2 /* Release */ = {
			isa = XCBuildConfiguration;
			buildSettings = {
				ALWAYS_SEARCH_USER_PATHS = YES;
				GCC_PRECOMPILE_PREFIX_HEADER = YES;
				GCC_PREFIX_HEADER = "TCQueuePlayerExample/TCQueuePlayerExample-Prefix.pch";
				INFOPLIST_FILE = "TCQueuePlayerExample/TCQueuePlayerExample-Info.plist";
				PRODUCT_NAME = "$(TARGET_NAME)";
				USER_HEADER_SEARCH_PATHS = "$(PROJECT_TEMP_DIR)/../UninstalledProducts/include";
				WRAPPER_EXTENSION = app;
			};
			name = Release;
		};
/* End XCBuildConfiguration section */

/* Begin XCConfigurationList section */
		2156B2D2174FAFEE00DD5FE2 /* Build configuration list for PBXProject "TCQueuePlayerExample" */ = {
			isa = XCConfigurationList;
			buildConfigurations = (
				2156B2F2174FAFEF00DD5FE2 /* Debug */,
				2156B2F3174FAFEF00DD5FE2 /* Release */,
			);
			defaultConfigurationIsVisible = 0;
			defaultConfigurationName = Release;
		};
		2156B2F4174FAFEF00DD5FE2 /* Build configuration list for PBXNativeTarget "TCQueuePlayerExample" */ = {
			isa = XCConfigurationList;
			buildConfigurations = (
				2156B2F5174FAFEF00DD5FE2 /* Debug */,
				2156B2F6174FAFEF00DD5FE2 /* Release */,
			);
			defaultConfigurationIsVisible = 0;
			defaultConfigurationName = Release;
		};
/* End XCConfigurationList section */
	};
	rootObject = 2156B2CF174FAFEE00DD5FE2 /* Project object */;
}
